// !$*UTF8*$!
{
	archiveVersion = 1;
	classes = {
	};
	objectVersion = 50;
	objects = {

/* Begin PBXBuildFile section */
		3459AD45214CFB27007CA4AC /* ValidationError.swift in Sources */ = {isa = PBXBuildFile; fileRef = 3459AD44214CFB27007CA4AC /* ValidationError.swift */; };
		347C07122149AE7600259AA1 /* AppDelegate.swift in Sources */ = {isa = PBXBuildFile; fileRef = 347C07112149AE7600259AA1 /* AppDelegate.swift */; };
		347C07142149AE7600259AA1 /* ViewController.swift in Sources */ = {isa = PBXBuildFile; fileRef = 347C07132149AE7600259AA1 /* ViewController.swift */; };
		347C07172149AE7600259AA1 /* Main.storyboard in Resources */ = {isa = PBXBuildFile; fileRef = 347C07152149AE7600259AA1 /* Main.storyboard */; };
		347C071A2149AE7600259AA1 /* Freebitco_in_Roll_Reminder.xcdatamodeld in Sources */ = {isa = PBXBuildFile; fileRef = 347C07182149AE7600259AA1 /* Freebitco_in_Roll_Reminder.xcdatamodeld */; };
		347C071C2149AE7700259AA1 /* Assets.xcassets in Resources */ = {isa = PBXBuildFile; fileRef = 347C071B2149AE7700259AA1 /* Assets.xcassets */; };
		347C071F2149AE7700259AA1 /* LaunchScreen.storyboard in Resources */ = {isa = PBXBuildFile; fileRef = 347C071D2149AE7700259AA1 /* LaunchScreen.storyboard */; };
		347C07292149BC4700259AA1 /* AccountViewController.swift in Sources */ = {isa = PBXBuildFile; fileRef = 347C07282149BC4700259AA1 /* AccountViewController.swift */; };
		347C072B2149C84800259AA1 /* AccountTableViewCell.swift in Sources */ = {isa = PBXBuildFile; fileRef = 347C072A2149C84800259AA1 /* AccountTableViewCell.swift */; };
		644A9643EA6E59DDFDF308C4 /* Pods_Freebitco_in_Roll_Reminder.framework in Frameworks */ = {isa = PBXBuildFile; fileRef = CEC72D4E8B175498B6FC9AE9 /* Pods_Freebitco_in_Roll_Reminder.framework */; };
/* End PBXBuildFile section */

/* Begin PBXFileReference section */
		3459AD44214CFB27007CA4AC /* ValidationError.swift */ = {isa = PBXFileReference; lastKnownFileType = sourcecode.swift; path = ValidationError.swift; sourceTree = "<group>"; };
		347C070E2149AE7600259AA1 /* Freebitco.in Roll Reminder.app */ = {isa = PBXFileReference; explicitFileType = wrapper.application; includeInIndex = 0; path = "Freebitco.in Roll Reminder.app"; sourceTree = BUILT_PRODUCTS_DIR; };
		347C07112149AE7600259AA1 /* AppDelegate.swift */ = {isa = PBXFileReference; lastKnownFileType = sourcecode.swift; path = AppDelegate.swift; sourceTree = "<group>"; };
		347C07132149AE7600259AA1 /* ViewController.swift */ = {isa = PBXFileReference; lastKnownFileType = sourcecode.swift; path = ViewController.swift; sourceTree = "<group>"; };
		347C07162149AE7600259AA1 /* Base */ = {isa = PBXFileReference; lastKnownFileType = file.storyboard; name = Base; path = Base.lproj/Main.storyboard; sourceTree = "<group>"; };
		347C07192149AE7600259AA1 /* Freebitco_in_Roll_Reminder.xcdatamodel */ = {isa = PBXFileReference; lastKnownFileType = wrapper.xcdatamodel; path = Freebitco_in_Roll_Reminder.xcdatamodel; sourceTree = "<group>"; };
		347C071B2149AE7700259AA1 /* Assets.xcassets */ = {isa = PBXFileReference; lastKnownFileType = folder.assetcatalog; path = Assets.xcassets; sourceTree = "<group>"; };
		347C071E2149AE7700259AA1 /* Base */ = {isa = PBXFileReference; lastKnownFileType = file.storyboard; name = Base; path = Base.lproj/LaunchScreen.storyboard; sourceTree = "<group>"; };
		347C07202149AE7700259AA1 /* Info.plist */ = {isa = PBXFileReference; lastKnownFileType = text.plist.xml; path = Info.plist; sourceTree = "<group>"; };
		347C07282149BC4700259AA1 /* AccountViewController.swift */ = {isa = PBXFileReference; lastKnownFileType = sourcecode.swift; path = AccountViewController.swift; sourceTree = "<group>"; };
		347C072A2149C84800259AA1 /* AccountTableViewCell.swift */ = {isa = PBXFileReference; lastKnownFileType = sourcecode.swift; path = AccountTableViewCell.swift; sourceTree = "<group>"; };
		96F054C1EA8F4706DE39F30B /* Pods-Freebitco.in Roll Reminder.release.xcconfig */ = {isa = PBXFileReference; includeInIndex = 1; lastKnownFileType = text.xcconfig; name = "Pods-Freebitco.in Roll Reminder.release.xcconfig"; path = "Pods/Target Support Files/Pods-Freebitco.in Roll Reminder/Pods-Freebitco.in Roll Reminder.release.xcconfig"; sourceTree = "<group>"; };
		CEC72D4E8B175498B6FC9AE9 /* Pods_Freebitco_in_Roll_Reminder.framework */ = {isa = PBXFileReference; explicitFileType = wrapper.framework; includeInIndex = 0; path = Pods_Freebitco_in_Roll_Reminder.framework; sourceTree = BUILT_PRODUCTS_DIR; };
		F39F91DAF330FF72854197A5 /* Pods-Freebitco.in Roll Reminder.debug.xcconfig */ = {isa = PBXFileReference; includeInIndex = 1; lastKnownFileType = text.xcconfig; name = "Pods-Freebitco.in Roll Reminder.debug.xcconfig"; path = "Pods/Target Support Files/Pods-Freebitco.in Roll Reminder/Pods-Freebitco.in Roll Reminder.debug.xcconfig"; sourceTree = "<group>"; };
/* End PBXFileReference section */

/* Begin PBXFrameworksBuildPhase section */
		347C070B2149AE7600259AA1 /* Frameworks */ = {
			isa = PBXFrameworksBuildPhase;
			buildActionMask = 2147483647;
			files = (
				644A9643EA6E59DDFDF308C4 /* Pods_Freebitco_in_Roll_Reminder.framework in Frameworks */,
			);
			runOnlyForDeploymentPostprocessing = 0;
		};
/* End PBXFrameworksBuildPhase section */

/* Begin PBXGroup section */
		26ECCE15343320BA5DFC98EB /* Frameworks */ = {
			isa = PBXGroup;
			children = (
				CEC72D4E8B175498B6FC9AE9 /* Pods_Freebitco_in_Roll_Reminder.framework */,
			);
			name = Frameworks;
			sourceTree = "<group>";
		};
		347C07052149AE7600259AA1 = {
			isa = PBXGroup;
			children = (
				347C07102149AE7600259AA1 /* Freebitco.in Roll Reminder */,
				347C070F2149AE7600259AA1 /* Products */,
				F9FFBFFFAC8BEE0CB011CC06 /* Pods */,
				26ECCE15343320BA5DFC98EB /* Frameworks */,
			);
			sourceTree = "<group>";
		};
		347C070F2149AE7600259AA1 /* Products */ = {
			isa = PBXGroup;
			children = (
				347C070E2149AE7600259AA1 /* Freebitco.in Roll Reminder.app */,
			);
			name = Products;
			sourceTree = "<group>";
		};
		347C07102149AE7600259AA1 /* Freebitco.in Roll Reminder */ = {
			isa = PBXGroup;
			children = (
				347C072A2149C84800259AA1 /* AccountTableViewCell.swift */,
				347C07112149AE7600259AA1 /* AppDelegate.swift */,
				347C07132149AE7600259AA1 /* ViewController.swift */,
				347C07152149AE7600259AA1 /* Main.storyboard */,
				347C07282149BC4700259AA1 /* AccountViewController.swift */,
				3459AD44214CFB27007CA4AC /* ValidationError.swift */,
				347C071B2149AE7700259AA1 /* Assets.xcassets */,
				347C071D2149AE7700259AA1 /* LaunchScreen.storyboard */,
				347C07202149AE7700259AA1 /* Info.plist */,
				347C07182149AE7600259AA1 /* Freebitco_in_Roll_Reminder.xcdatamodeld */,
			);
			path = "Freebitco.in Roll Reminder";
			sourceTree = "<group>";
		};
		F9FFBFFFAC8BEE0CB011CC06 /* Pods */ = {
			isa = PBXGroup;
			children = (
				F39F91DAF330FF72854197A5 /* Pods-Freebitco.in Roll Reminder.debug.xcconfig */,
				96F054C1EA8F4706DE39F30B /* Pods-Freebitco.in Roll Reminder.release.xcconfig */,
			);
			name = Pods;
			sourceTree = "<group>";
		};
/* End PBXGroup section */

/* Begin PBXNativeTarget section */
		347C070D2149AE7600259AA1 /* Freebitco.in Roll Reminder */ = {
			isa = PBXNativeTarget;
			buildConfigurationList = 347C07232149AE7700259AA1 /* Build configuration list for PBXNativeTarget "Freebitco.in Roll Reminder" */;
			buildPhases = (
				E7BA83A89B3AE437704E95B3 /* [CP] Check Pods Manifest.lock */,
				347C070A2149AE7600259AA1 /* Sources */,
				347C070B2149AE7600259AA1 /* Frameworks */,
				347C070C2149AE7600259AA1 /* Resources */,
				75033A3A3C59440D139F4D58 /* [CP] Embed Pods Frameworks */,
			);
			buildRules = (
			);
			dependencies = (
			);
			name = "Freebitco.in Roll Reminder";
			productName = "Freebitco.in Roll Reminder";
			productReference = 347C070E2149AE7600259AA1 /* Freebitco.in Roll Reminder.app */;
			productType = "com.apple.product-type.application";
		};
/* End PBXNativeTarget section */

/* Begin PBXProject section */
		347C07062149AE7600259AA1 /* Project object */ = {
			isa = PBXProject;
			attributes = {
				LastSwiftUpdateCheck = 0940;
				LastUpgradeCheck = 0940;
				ORGANIZATIONNAME = "Ali Tabatabaei";
				TargetAttributes = {
					347C070D2149AE7600259AA1 = {
						CreatedOnToolsVersion = 9.4.1;
					};
				};
			};
			buildConfigurationList = 347C07092149AE7600259AA1 /* Build configuration list for PBXProject "Freebitco.in Roll Reminder" */;
			compatibilityVersion = "Xcode 9.3";
			developmentRegion = en;
			hasScannedForEncodings = 0;
			knownRegions = (
				en,
				Base,
			);
			mainGroup = 347C07052149AE7600259AA1;
			productRefGroup = 347C070F2149AE7600259AA1 /* Products */;
			projectDirPath = "";
			projectRoot = "";
			targets = (
				347C070D2149AE7600259AA1 /* Freebitco.in Roll Reminder */,
			);
		};
/* End PBXProject section */

/* Begin PBXResourcesBuildPhase section */
		347C070C2149AE7600259AA1 /* Resources */ = {
			isa = PBXResourcesBuildPhase;
			buildActionMask = 2147483647;
			files = (
				347C071F2149AE7700259AA1 /* LaunchScreen.storyboard in Resources */,
				347C071C2149AE7700259AA1 /* Assets.xcassets in Resources */,
				347C07172149AE7600259AA1 /* Main.storyboard in Resources */,
			);
			runOnlyForDeploymentPostprocessing = 0;
		};
/* End PBXResourcesBuildPhase section */

/* Begin PBXShellScriptBuildPhase section */
		75033A3A3C59440D139F4D58 /* [CP] Embed Pods Frameworks */ = {
			isa = PBXShellScriptBuildPhase;
			buildActionMask = 2147483647;
			files = (
			);
			inputPaths = (
				"${SRCROOT}/Pods/Target Support Files/Pods-Freebitco.in Roll Reminder/Pods-Freebitco.in Roll Reminder-frameworks.sh",
				"${BUILT_PRODUCTS_DIR}/Validator/Validator.framework",
			);
			name = "[CP] Embed Pods Frameworks";
			outputPaths = (
				"${TARGET_BUILD_DIR}/${FRAMEWORKS_FOLDER_PATH}/Validator.framework",
			);
			runOnlyForDeploymentPostprocessing = 0;
			shellPath = /bin/sh;
			shellScript = "\"${SRCROOT}/Pods/Target Support Files/Pods-Freebitco.in Roll Reminder/Pods-Freebitco.in Roll Reminder-frameworks.sh\"\n";
			showEnvVarsInLog = 0;
		};
		E7BA83A89B3AE437704E95B3 /* [CP] Check Pods Manifest.lock */ = {
			isa = PBXShellScriptBuildPhase;
			buildActionMask = 2147483647;
			files = (
			);
			inputPaths = (
				"${PODS_PODFILE_DIR_PATH}/Podfile.lock",
				"${PODS_ROOT}/Manifest.lock",
			);
			name = "[CP] Check Pods Manifest.lock";
			outputPaths = (
				"$(DERIVED_FILE_DIR)/Pods-Freebitco.in Roll Reminder-checkManifestLockResult.txt",
			);
			runOnlyForDeploymentPostprocessing = 0;
			shellPath = /bin/sh;
			shellScript = "diff \"${PODS_PODFILE_DIR_PATH}/Podfile.lock\" \"${PODS_ROOT}/Manifest.lock\" > /dev/null\nif [ $? != 0 ] ; then\n    # print error to STDERR\n    echo \"error: The sandbox is not in sync with the Podfile.lock. Run 'pod install' or update your CocoaPods installation.\" >&2\n    exit 1\nfi\n# This output is used by Xcode 'outputs' to avoid re-running this script phase.\necho \"SUCCESS\" > \"${SCRIPT_OUTPUT_FILE_0}\"\n";
			showEnvVarsInLog = 0;
		};
/* End PBXShellScriptBuildPhase section */

/* Begin PBXSourcesBuildPhase section */
		347C070A2149AE7600259AA1 /* Sources */ = {
			isa = PBXSourcesBuildPhase;
			buildActionMask = 2147483647;
			files = (
				347C07142149AE7600259AA1 /* ViewController.swift in Sources */,
				347C07292149BC4700259AA1 /* AccountViewController.swift in Sources */,
				347C07122149AE7600259AA1 /* AppDelegate.swift in Sources */,
				347C072B2149C84800259AA1 /* AccountTableViewCell.swift in Sources */,
				347C071A2149AE7600259AA1 /* Freebitco_in_Roll_Reminder.xcdatamodeld in Sources */,
				3459AD45214CFB27007CA4AC /* ValidationError.swift in Sources */,
			);
			runOnlyForDeploymentPostprocessing = 0;
		};
/* End PBXSourcesBuildPhase section */

/* Begin PBXVariantGroup section */
		347C07152149AE7600259AA1 /* Main.storyboard */ = {
			isa = PBXVariantGroup;
			children = (
				347C07162149AE7600259AA1 /* Base */,
			);
			name = Main.storyboard;
			sourceTree = "<group>";
		};
		347C071D2149AE7700259AA1 /* LaunchScreen.storyboard */ = {
			isa = PBXVariantGroup;
			children = (
				347C071E2149AE7700259AA1 /* Base */,
			);
			name = LaunchScreen.storyboard;
			sourceTree = "<group>";
		};
/* End PBXVariantGroup section */

/* Begin XCBuildConfiguration section */
		347C07212149AE7700259AA1 /* Debug */ = {
			isa = XCBuildConfiguration;
			buildSettings = {
				ALWAYS_SEARCH_USER_PATHS = NO;
				CLANG_ANALYZER_NONNULL = YES;
				CLANG_ANALYZER_NUMBER_OBJECT_CONVERSION = YES_AGGRESSIVE;
				CLANG_CXX_LANGUAGE_STANDARD = "gnu++14";
				CLANG_CXX_LIBRARY = "libc++";
				CLANG_ENABLE_MODULES = YES;
				CLANG_ENABLE_OBJC_ARC = YES;
				CLANG_ENABLE_OBJC_WEAK = YES;
				CLANG_WARN_BLOCK_CAPTURE_AUTORELEASING = YES;
				CLANG_WARN_BOOL_CONVERSION = YES;
				CLANG_WARN_COMMA = YES;
				CLANG_WARN_CONSTANT_CONVERSION = YES;
				CLANG_WARN_DEPRECATED_OBJC_IMPLEMENTATIONS = YES;
				CLANG_WARN_DIRECT_OBJC_ISA_USAGE = YES_ERROR;
				CLANG_WARN_DOCUMENTATION_COMMENTS = YES;
				CLANG_WARN_EMPTY_BODY = YES;
				CLANG_WARN_ENUM_CONVERSION = YES;
				CLANG_WARN_INFINITE_RECURSION = YES;
				CLANG_WARN_INT_CONVERSION = YES;
				CLANG_WARN_NON_LITERAL_NULL_CONVERSION = YES;
				CLANG_WARN_OBJC_IMPLICIT_RETAIN_SELF = YES;
				CLANG_WARN_OBJC_LITERAL_CONVERSION = YES;
				CLANG_WARN_OBJC_ROOT_CLASS = YES_ERROR;
				CLANG_WARN_RANGE_LOOP_ANALYSIS = YES;
				CLANG_WARN_STRICT_PROTOTYPES = YES;
				CLANG_WARN_SUSPICIOUS_MOVE = YES;
				CLANG_WARN_UNGUARDED_AVAILABILITY = YES_AGGRESSIVE;
				CLANG_WARN_UNREACHABLE_CODE = YES;
				CLANG_WARN__DUPLICATE_METHOD_MATCH = YES;
				CODE_SIGN_IDENTITY = "iPhone Developer";
				COPY_PHASE_STRIP = NO;
				DEBUG_INFORMATION_FORMAT = dwarf;
				ENABLE_STRICT_OBJC_MSGSEND = YES;
				ENABLE_TESTABILITY = YES;
				GCC_C_LANGUAGE_STANDARD = gnu11;
				GCC_DYNAMIC_NO_PIC = NO;
				GCC_NO_COMMON_BLOCKS = YES;
				GCC_OPTIMIZATION_LEVEL = 0;
				GCC_PREPROCESSOR_DEFINITIONS = (
					"DEBUG=1",
					"$(inherited)",
				);
				GCC_WARN_64_TO_32_BIT_CONVERSION = YES;
				GCC_WARN_ABOUT_RETURN_TYPE = YES_ERROR;
				GCC_WARN_UNDECLARED_SELECTOR = YES;
				GCC_WARN_UNINITIALIZED_AUTOS = YES_AGGRESSIVE;
				GCC_WARN_UNUSED_FUNCTION = YES;
				GCC_WARN_UNUSED_VARIABLE = YES;
				IPHONEOS_DEPLOYMENT_TARGET = 11.4;
				MTL_ENABLE_DEBUG_INFO = YES;
				ONLY_ACTIVE_ARCH = YES;
				SDKROOT = iphoneos;
				SWIFT_ACTIVE_COMPILATION_CONDITIONS = DEBUG;
				SWIFT_OPTIMIZATION_LEVEL = "-Onone";
			};
			name = Debug;
		};
		347C07222149AE7700259AA1 /* Release */ = {
			isa = XCBuildConfiguration;
			buildSettings = {
				ALWAYS_SEARCH_USER_PATHS = NO;
				CLANG_ANALYZER_NONNULL = YES;
				CLANG_ANALYZER_NUMBER_OBJECT_CONVERSION = YES_AGGRESSIVE;
				CLANG_CXX_LANGUAGE_STANDARD = "gnu++14";
				CLANG_CXX_LIBRARY = "libc++";
				CLANG_ENABLE_MODULES = YES;
				CLANG_ENABLE_OBJC_ARC = YES;
				CLANG_ENABLE_OBJC_WEAK = YES;
				CLANG_WARN_BLOCK_CAPTURE_AUTORELEASING = YES;
				CLANG_WARN_BOOL_CONVERSION = YES;
				CLANG_WARN_COMMA = YES;
				CLANG_WARN_CONSTANT_CONVERSION = YES;
				CLANG_WARN_DEPRECATED_OBJC_IMPLEMENTATIONS = YES;
				CLANG_WARN_DIRECT_OBJC_ISA_USAGE = YES_ERROR;
				CLANG_WARN_DOCUMENTATION_COMMENTS = YES;
				CLANG_WARN_EMPTY_BODY = YES;
				CLANG_WARN_ENUM_CONVERSION = YES;
				CLANG_WARN_INFINITE_RECURSION = YES;
				CLANG_WARN_INT_CONVERSION = YES;
				CLANG_WARN_NON_LITERAL_NULL_CONVERSION = YES;
				CLANG_WARN_OBJC_IMPLICIT_RETAIN_SELF = YES;
				CLANG_WARN_OBJC_LITERAL_CONVERSION = YES;
				CLANG_WARN_OBJC_ROOT_CLASS = YES_ERROR;
				CLANG_WARN_RANGE_LOOP_ANALYSIS = YES;
				CLANG_WARN_STRICT_PROTOTYPES = YES;
				CLANG_WARN_SUSPICIOUS_MOVE = YES;
				CLANG_WARN_UNGUARDED_AVAILABILITY = YES_AGGRESSIVE;
				CLANG_WARN_UNREACHABLE_CODE = YES;
				CLANG_WARN__DUPLICATE_METHOD_MATCH = YES;
				CODE_SIGN_IDENTITY = "iPhone Developer";
				COPY_PHASE_STRIP = NO;
				DEBUG_INFORMATION_FORMAT = "dwarf-with-dsym";
				ENABLE_NS_ASSERTIONS = NO;
				ENABLE_STRICT_OBJC_MSGSEND = YES;
				GCC_C_LANGUAGE_STANDARD = gnu11;
				GCC_NO_COMMON_BLOCKS = YES;
				GCC_WARN_64_TO_32_BIT_CONVERSION = YES;
				GCC_WARN_ABOUT_RETURN_TYPE = YES_ERROR;
				GCC_WARN_UNDECLARED_SELECTOR = YES;
				GCC_WARN_UNINITIALIZED_AUTOS = YES_AGGRESSIVE;
				GCC_WARN_UNUSED_FUNCTION = YES;
				GCC_WARN_UNUSED_VARIABLE = YES;
				IPHONEOS_DEPLOYMENT_TARGET = 11.4;
				MTL_ENABLE_DEBUG_INFO = NO;
				SDKROOT = iphoneos;
				SWIFT_COMPILATION_MODE = wholemodule;
				SWIFT_OPTIMIZATION_LEVEL = "-O";
				VALIDATE_PRODUCT = YES;
			};
			name = Release;
		};
		347C07242149AE7700259AA1 /* Debug */ = {
			isa = XCBuildConfiguration;
			baseConfigurationReference = F39F91DAF330FF72854197A5 /* Pods-Freebitco.in Roll Reminder.debug.xcconfig */;
			buildSettings = {
				ASSETCATALOG_COMPILER_APPICON_NAME = AppIcon;
				CODE_SIGN_STYLE = Automatic;
				DEVELOPMENT_TEAM = 733D2MNBWC;
				INFOPLIST_FILE = "Freebitco.in Roll Reminder/Info.plist";
				LD_RUNPATH_SEARCH_PATHS = (
					"$(inherited)",
					"@executable_path/Frameworks",
				);
				PRODUCT_BUNDLE_IDENTIFIER = "ir.alitabatabaei.Freebitco-in-Roll-Reminder";
				PRODUCT_NAME = "$(TARGET_NAME)";
				SWIFT_VERSION = 4.0;
				TARGETED_DEVICE_FAMILY = "1,2";
			};
			name = Debug;
		};
		347C07252149AE7700259AA1 /* Release */ = {
			isa = XCBuildConfiguration;
			baseConfigurationReference = 96F054C1EA8F4706DE39F30B /* Pods-Freebitco.in Roll Reminder.release.xcconfig */;
			buildSettings = {
				ASSETCATALOG_COMPILER_APPICON_NAME = AppIcon;
				CODE_SIGN_STYLE = Automatic;
				DEVELOPMENT_TEAM = 733D2MNBWC;
				INFOPLIST_FILE = "Freebitco.in Roll Reminder/Info.plist";
				LD_RUNPATH_SEARCH_PATHS = (
					"$(inherited)",
					"@executable_path/Frameworks",
				);
				PRODUCT_BUNDLE_IDENTIFIER = "ir.alitabatabaei.Freebitco-in-Roll-Reminder";
				PRODUCT_NAME = "$(TARGET_NAME)";
				SWIFT_VERSION = 4.0;
				TARGETED_DEVICE_FAMILY = "1,2";
			};
			name = Release;
		};
/* End XCBuildConfiguration section */

/* Begin XCConfigurationList section */
		347C07092149AE7600259AA1 /* Build configuration list for PBXProject "Freebitco.in Roll Reminder" */ = {
			isa = XCConfigurationList;
			buildConfigurations = (
				347C07212149AE7700259AA1 /* Debug */,
				347C07222149AE7700259AA1 /* Release */,
			);
			defaultConfigurationIsVisible = 0;
			defaultConfigurationName = Release;
		};
		347C07232149AE7700259AA1 /* Build configuration list for PBXNativeTarget "Freebitco.in Roll Reminder" */ = {
			isa = XCConfigurationList;
			buildConfigurations = (
				347C07242149AE7700259AA1 /* Debug */,
				347C07252149AE7700259AA1 /* Release */,
			);
			defaultConfigurationIsVisible = 0;
			defaultConfigurationName = Release;
		};
/* End XCConfigurationList section */

/* Begin XCVersionGroup section */
		347C07182149AE7600259AA1 /* Freebitco_in_Roll_Reminder.xcdatamodeld */ = {
			isa = XCVersionGroup;
			children = (
				347C07192149AE7600259AA1 /* Freebitco_in_Roll_Reminder.xcdatamodel */,
			);
			currentVersion = 347C07192149AE7600259AA1 /* Freebitco_in_Roll_Reminder.xcdatamodel */;
			path = Freebitco_in_Roll_Reminder.xcdatamodeld;
			sourceTree = "<group>";
			versionGroupType = wrapper.xcdatamodel;
		};
/* End XCVersionGroup section */
	};
	rootObject = 347C07062149AE7600259AA1 /* Project object */;
}
